
Microsoft Visual Studio Solution File, Format Version 12.00
# Visual Studio 15
VisualStudioVersion = 15.0.26730.8
MinimumVisualStudioVersion = 10.0.40219.1
Project("{8BC9CEB8-8B4A-11D0-8D11-00A0C91BC942}") = "number_to_english_words", "number_to_english_words\number_to_english_words.vcxproj", "{D5F21107-291F-47BA-A456-7634A930BB56}"
EndProject
Global
	GlobalSection(SolutionConfigurationPlatforms) = preSolution
		Debug|x64 = Debug|x64
		Debug|x86 = Debug|x86
		Release|x64 = Release|x64
		Release|x86 = Release|x86
	EndGlobalSection
	GlobalSection(ProjectConfigurationPlatforms) = postSolution
		{D5F21107-291F-47BA-A456-7634A930BB56}.Debug|x64.ActiveCfg = Debug|x64
		{D5F21107-291F-47BA-A456-7634A930BB56}.Debug|x64.Build.0 = Debug|x64
		{D5F21107-291F-47BA-A456-7634A930BB56}.Debug|x86.ActiveCfg = Debug|Win32
		{D5F21107-291F-47BA-A456-7634A930BB56}.Debug|x86.Build.0 = Debug|Win32
		{D5F21107-291F-47BA-A456-7634A930BB56}.Release|x64.ActiveCfg = Release|x64
		{D5F21107-291F-47BA-A456-7634A930BB56}.Release|x64.Build.0 = Release|x64
		{D5F21107-291F-47BA-A456-7634A930BB56}.Release|x86.ActiveCfg = Release|Win32
		{D5F21107-291F-47BA-A456-7634A930BB56}.Release|x86.Build.0 = Release|Win32
	EndGlobalSection
	GlobalSection(SolutionProperties) = preSolution
		HideSolutionNode = FALSE
	EndGlobalSection
	GlobalSection(ExtensibilityGlobals) = postSolution
		SolutionGuid = {FBC3A5C2-4E3F-47ED-B88A-7236E15BE848}
	EndGlobalSection
EndGlobal
